// !$*UTF8*$!
{
	archiveVersion = 1;
	classes = {
	};
	objectVersion = 77;
	objects = {

/* Begin PBXBuildFile section */
		08A1F6ECC58F3235CABEEC32 /* PalmAlert.swift in Sources */ = {isa = PBXBuildFile; fileRef = 9955EEED2AEDE41A7C5D2D3A /* PalmAlert.swift */; };
		0B4988B6FD2460A6DC433938 /* SettingsView.swift in Sources */ = {isa = PBXBuildFile; fileRef = 9C94F6F7BFB3DC576CE615EA /* SettingsView.swift */; };
		1DB6F966D0BAF1CEED96D570 /* TasksView.swift in Sources */ = {isa = PBXBuildFile; fileRef = 0870197ADB4B30C40D45C13D /* TasksView.swift */; };
		1E6982F07CAC5C3021B4BFB3 /* Models.swift in Sources */ = {isa = PBXBuildFile; fileRef = FF0C57AEB89851A6C9CF3C1D /* Models.swift */; };
		2801AB657853429D4D52D3C9 /* GoogleCalendarSetupSheet.swift in Sources */ = {isa = PBXBuildFile; fileRef = 2F86448E3F9D8340AD63CE38 /* GoogleCalendarSetupSheet.swift */; };
		3EDAF7BABB7B6AB2C701C036 /* LandingView.swift in Sources */ = {isa = PBXBuildFile; fileRef = 694B1D5D023FE459648FA84F /* LandingView.swift */; };
		441ED8E4CA766509026656D4 /* HomeView.swift in Sources */ = {isa = PBXBuildFile; fileRef = D8F2F27F9C01421C91DAE203 /* HomeView.swift */; };
		44C9C6DEF0241F271535EE25 /* CalendarView.swift in Sources */ = {isa = PBXBuildFile; fileRef = D877C9B39FFC83C67359CB1B /* CalendarView.swift */; };
		4BC6C1F6558E9FF34676385D /* AddClientSheet.swift in Sources */ = {isa = PBXBuildFile; fileRef = BB658C2E819C3876B47045B2 /* AddClientSheet.swift */; };
		5EA469E56F749FDCF74408EF /* PalmCareTheme.swift in Sources */ = {isa = PBXBuildFile; fileRef = AE0C6D4F6B7BC50F2DF9EDD2 /* PalmCareTheme.swift */; };
		6699DA1B3C377734838CD895 /* PalmCareAIApp.swift in Sources */ = {isa = PBXBuildFile; fileRef = A87989128BE2784A9ACA1797 /* PalmCareAIApp.swift */; };
		66B8766816DFAE60BD26C157 /* APIService.swift in Sources */ = {isa = PBXBuildFile; fileRef = 4DC7E34D4B0393336B0CBB48 /* APIService.swift */; };
		7955D7C2A2D22D6AEF1DF236 /* AudioRecorderService.swift in Sources */ = {isa = PBXBuildFile; fileRef = 25F5164BD23844FFA3DDA1DA /* AudioRecorderService.swift */; };
		7C445A47FD792A18761F4145 /* VisitDetailView.swift in Sources */ = {isa = PBXBuildFile; fileRef = EB838A8AD893DD563742F9EF /* VisitDetailView.swift */; };
		8F8596F06F1792DE50BFF41B /* ContractsView.swift in Sources */ = {isa = PBXBuildFile; fileRef = 7E6ABB714B743F12ADFB3D66 /* ContractsView.swift */; };
		985BF5A55F478AD20D82C0CC /* WorkspaceView.swift in Sources */ = {isa = PBXBuildFile; fileRef = 41812B9582222AD7FD8C0F01 /* WorkspaceView.swift */; };
		9BEC3A7D5BC102355BA4D5AE /* RegisterView.swift in Sources */ = {isa = PBXBuildFile; fileRef = 965C098053DF16C330D69A47 /* RegisterView.swift */; };
		A00F019F5C3997BF6F3B5A0E /* ClientsView.swift in Sources */ = {isa = PBXBuildFile; fileRef = AE6E6ABEA65540D82DF2FF30 /* ClientsView.swift */; };
		C14C3133F283022BF06C01B1 /* MainTabView.swift in Sources */ = {isa = PBXBuildFile; fileRef = BA7229E0471D9D4E3D984E2C /* MainTabView.swift */; };
		C37109ADE391ED8B9F1A9A57 /* LoginView.swift in Sources */ = {isa = PBXBuildFile; fileRef = A62F08AE1496C16DBFA9D619 /* LoginView.swift */; };
		CB8BFB4C0847725F56BE3B88 /* AssessmentsListView.swift in Sources */ = {isa = PBXBuildFile; fileRef = 748C6E60A4F45E08581497C8 /* AssessmentsListView.swift */; };
		CD7152A77012E28F6414934B /* SubscriptionView.swift in Sources */ = {isa = PBXBuildFile; fileRef = 366C8526DB650CF0CCCB58D9 /* SubscriptionView.swift */; };
		EA25CA835C18FE8FF8AE9202 /* RecordView.swift in Sources */ = {isa = PBXBuildFile; fileRef = 2DEA75021BD113DD86530A11 /* RecordView.swift */; };
		F23E5D61BCFB2A1E18F6762C /* ClientDetailView.swift in Sources */ = {isa = PBXBuildFile; fileRef = D15C6C3E52AD92EF25A44FBF /* ClientDetailView.swift */; };
		F550B4192FBBEA3CA2B46F53 /* LiveTranscriptionService.swift in Sources */ = {isa = PBXBuildFile; fileRef = B975E56167E2BC1850E208CD /* LiveTranscriptionService.swift */; };
		FBF988D7FAE8979B88BE0767 /* Assets.xcassets in Resources */ = {isa = PBXBuildFile; fileRef = D4FFE119E970F306B1F7A575 /* Assets.xcassets */; };
		FD78D19E5B4FDC5980317EDA /* TemplatesView.swift in Sources */ = {isa = PBXBuildFile; fileRef = C99598BE588726633F0A23AB /* TemplatesView.swift */; };
/* End PBXBuildFile section */

/* Begin PBXFileReference section */
		0870197ADB4B30C40D45C13D /* TasksView.swift */ = {isa = PBXFileReference; lastKnownFileType = sourcecode.swift; path = TasksView.swift; sourceTree = "<group>"; };
		25F5164BD23844FFA3DDA1DA /* AudioRecorderService.swift */ = {isa = PBXFileReference; lastKnownFileType = sourcecode.swift; path = AudioRecorderService.swift; sourceTree = "<group>"; };
		2DEA75021BD113DD86530A11 /* RecordView.swift */ = {isa = PBXFileReference; lastKnownFileType = sourcecode.swift; path = RecordView.swift; sourceTree = "<group>"; };
		2F86448E3F9D8340AD63CE38 /* GoogleCalendarSetupSheet.swift */ = {isa = PBXFileReference; lastKnownFileType = sourcecode.swift; path = GoogleCalendarSetupSheet.swift; sourceTree = "<group>"; };
		366C8526DB650CF0CCCB58D9 /* SubscriptionView.swift */ = {isa = PBXFileReference; lastKnownFileType = sourcecode.swift; path = SubscriptionView.swift; sourceTree = "<group>"; };
		41812B9582222AD7FD8C0F01 /* WorkspaceView.swift */ = {isa = PBXFileReference; lastKnownFileType = sourcecode.swift; path = WorkspaceView.swift; sourceTree = "<group>"; };
		4DC7E34D4B0393336B0CBB48 /* APIService.swift */ = {isa = PBXFileReference; lastKnownFileType = sourcecode.swift; path = APIService.swift; sourceTree = "<group>"; };
		694B1D5D023FE459648FA84F /* LandingView.swift */ = {isa = PBXFileReference; lastKnownFileType = sourcecode.swift; path = LandingView.swift; sourceTree = "<group>"; };
		748C6E60A4F45E08581497C8 /* AssessmentsListView.swift */ = {isa = PBXFileReference; lastKnownFileType = sourcecode.swift; path = AssessmentsListView.swift; sourceTree = "<group>"; };
		7E6ABB714B743F12ADFB3D66 /* ContractsView.swift */ = {isa = PBXFileReference; lastKnownFileType = sourcecode.swift; path = ContractsView.swift; sourceTree = "<group>"; };
		965C098053DF16C330D69A47 /* RegisterView.swift */ = {isa = PBXFileReference; lastKnownFileType = sourcecode.swift; path = RegisterView.swift; sourceTree = "<group>"; };
		9955EEED2AEDE41A7C5D2D3A /* PalmAlert.swift */ = {isa = PBXFileReference; lastKnownFileType = sourcecode.swift; path = PalmAlert.swift; sourceTree = "<group>"; };
		9C94F6F7BFB3DC576CE615EA /* SettingsView.swift */ = {isa = PBXFileReference; lastKnownFileType = sourcecode.swift; path = SettingsView.swift; sourceTree = "<group>"; };
		A62F08AE1496C16DBFA9D619 /* LoginView.swift */ = {isa = PBXFileReference; lastKnownFileType = sourcecode.swift; path = LoginView.swift; sourceTree = "<group>"; };
		A87989128BE2784A9ACA1797 /* PalmCareAIApp.swift */ = {isa = PBXFileReference; lastKnownFileType = sourcecode.swift; path = PalmCareAIApp.swift; sourceTree = "<group>"; };
		AE0C6D4F6B7BC50F2DF9EDD2 /* PalmCareTheme.swift */ = {isa = PBXFileReference; lastKnownFileType = sourcecode.swift; path = PalmCareTheme.swift; sourceTree = "<group>"; };
		AE6E6ABEA65540D82DF2FF30 /* ClientsView.swift */ = {isa = PBXFileReference; lastKnownFileType = sourcecode.swift; path = ClientsView.swift; sourceTree = "<group>"; };
		B7134EA3FF1A06C5E549D8A6 /* Info.plist */ = {isa = PBXFileReference; lastKnownFileType = text.plist; path = Info.plist; sourceTree = "<group>"; };
		B975E56167E2BC1850E208CD /* LiveTranscriptionService.swift */ = {isa = PBXFileReference; lastKnownFileType = sourcecode.swift; path = LiveTranscriptionService.swift; sourceTree = "<group>"; };
		BA7229E0471D9D4E3D984E2C /* MainTabView.swift */ = {isa = PBXFileReference; lastKnownFileType = sourcecode.swift; path = MainTabView.swift; sourceTree = "<group>"; };
		BB658C2E819C3876B47045B2 /* AddClientSheet.swift */ = {isa = PBXFileReference; lastKnownFileType = sourcecode.swift; path = AddClientSheet.swift; sourceTree = "<group>"; };
		C99598BE588726633F0A23AB /* TemplatesView.swift */ = {isa = PBXFileReference; lastKnownFileType = sourcecode.swift; path = TemplatesView.swift; sourceTree = "<group>"; };
		D15C6C3E52AD92EF25A44FBF /* ClientDetailView.swift */ = {isa = PBXFileReference; lastKnownFileType = sourcecode.swift; path = ClientDetailView.swift; sourceTree = "<group>"; };
		D4FFE119E970F306B1F7A575 /* Assets.xcassets */ = {isa = PBXFileReference; lastKnownFileType = folder.assetcatalog; path = Assets.xcassets; sourceTree = "<group>"; };
		D877C9B39FFC83C67359CB1B /* CalendarView.swift */ = {isa = PBXFileReference; lastKnownFileType = sourcecode.swift; path = CalendarView.swift; sourceTree = "<group>"; };
		D8F2F27F9C01421C91DAE203 /* HomeView.swift */ = {isa = PBXFileReference; lastKnownFileType = sourcecode.swift; path = HomeView.swift; sourceTree = "<group>"; };
		E8E9F160EB8FA04B4131FCB4 /* PalmCareAI.app */ = {isa = PBXFileReference; includeInIndex = 0; lastKnownFileType = wrapper.application; path = PalmCareAI.app; sourceTree = BUILT_PRODUCTS_DIR; };
		EB838A8AD893DD563742F9EF /* VisitDetailView.swift */ = {isa = PBXFileReference; lastKnownFileType = sourcecode.swift; path = VisitDetailView.swift; sourceTree = "<group>"; };
		FF0C57AEB89851A6C9CF3C1D /* Models.swift */ = {isa = PBXFileReference; lastKnownFileType = sourcecode.swift; path = Models.swift; sourceTree = "<group>"; };
/* End PBXFileReference section */

/* Begin PBXGroup section */
		0E4FFEFAEEB641597E25AEB3 /* Products */ = {
			isa = PBXGroup;
			children = (
				E8E9F160EB8FA04B4131FCB4 /* PalmCareAI.app */,
			);
			name = Products;
			sourceTree = "<group>";
		};
		0E963202E75E9B9E4B279805 /* Record */ = {
			isa = PBXGroup;
			children = (
				2DEA75021BD113DD86530A11 /* RecordView.swift */,
			);
			path = Record;
			sourceTree = "<group>";
		};
		0F60651A5DD2095D25E5CB58 /* Components */ = {
			isa = PBXGroup;
			children = (
				9955EEED2AEDE41A7C5D2D3A /* PalmAlert.swift */,
			);
			path = Components;
			sourceTree = "<group>";
		};
		1A73B0B1771A855E8EC6CD20 /* Models */ = {
			isa = PBXGroup;
			children = (
				FF0C57AEB89851A6C9CF3C1D /* Models.swift */,
			);
			path = Models;
			sourceTree = "<group>";
		};
		1E3C8272722B68225537C8DC /* Home */ = {
			isa = PBXGroup;
			children = (
				D8F2F27F9C01421C91DAE203 /* HomeView.swift */,
			);
			path = Home;
			sourceTree = "<group>";
		};
		263F5368A18E9FE4B33D8ADE /* Contracts */ = {
			isa = PBXGroup;
			children = (
				7E6ABB714B743F12ADFB3D66 /* ContractsView.swift */,
				C99598BE588726633F0A23AB /* TemplatesView.swift */,
			);
			path = Contracts;
			sourceTree = "<group>";
		};
		5129FB3C220A7376B2A457D6 /* Tasks */ = {
			isa = PBXGroup;
			children = (
				0870197ADB4B30C40D45C13D /* TasksView.swift */,
			);
			path = Tasks;
			sourceTree = "<group>";
		};
		525788A2F8B929515D57D8F5 = {
			isa = PBXGroup;
			children = (
				F0B317C9FCFBA5D036E59E8D /* PalmCareAI */,
				0E4FFEFAEEB641597E25AEB3 /* Products */,
			);
			sourceTree = "<group>";
		};
		56A8F7385BB9AA0F719EC9B5 /* Settings */ = {
			isa = PBXGroup;
			children = (
				2F86448E3F9D8340AD63CE38 /* GoogleCalendarSetupSheet.swift */,
				9C94F6F7BFB3DC576CE615EA /* SettingsView.swift */,
			);
			path = Settings;
			sourceTree = "<group>";
		};
		71D2F5BFE492CF13D5C18A22 /* Subscription */ = {
			isa = PBXGroup;
			children = (
				366C8526DB650CF0CCCB58D9 /* SubscriptionView.swift */,
			);
			path = Subscription;
			sourceTree = "<group>";
		};
		765334332F1E4FA74A42249E /* Visits */ = {
			isa = PBXGroup;
			children = (
				748C6E60A4F45E08581497C8 /* AssessmentsListView.swift */,
				EB838A8AD893DD563742F9EF /* VisitDetailView.swift */,
			);
			path = Visits;
			sourceTree = "<group>";
		};
		A61FA3F51B4488047745D54A /* Auth */ = {
			isa = PBXGroup;
			children = (
				694B1D5D023FE459648FA84F /* LandingView.swift */,
				A62F08AE1496C16DBFA9D619 /* LoginView.swift */,
				965C098053DF16C330D69A47 /* RegisterView.swift */,
			);
			path = Auth;
			sourceTree = "<group>";
		};
		B6CB35F663CA9552B2496579 /* Clients */ = {
			isa = PBXGroup;
			children = (
				BB658C2E819C3876B47045B2 /* AddClientSheet.swift */,
				D15C6C3E52AD92EF25A44FBF /* ClientDetailView.swift */,
				AE6E6ABEA65540D82DF2FF30 /* ClientsView.swift */,
			);
			path = Clients;
			sourceTree = "<group>";
		};
		BF2B35E9888BF8CC21CFFC67 /* Workspace */ = {
			isa = PBXGroup;
			children = (
				41812B9582222AD7FD8C0F01 /* WorkspaceView.swift */,
			);
			path = Workspace;
			sourceTree = "<group>";
		};
		CE1793DBBDAA61AB430DBDA5 /* Views */ = {
			isa = PBXGroup;
			children = (
				BA7229E0471D9D4E3D984E2C /* MainTabView.swift */,
				A61FA3F51B4488047745D54A /* Auth */,
				E20576D36A61EAC10E7B5518 /* Calendar */,
				B6CB35F663CA9552B2496579 /* Clients */,
				0F60651A5DD2095D25E5CB58 /* Components */,
				263F5368A18E9FE4B33D8ADE /* Contracts */,
				1E3C8272722B68225537C8DC /* Home */,
				0E963202E75E9B9E4B279805 /* Record */,
				56A8F7385BB9AA0F719EC9B5 /* Settings */,
				71D2F5BFE492CF13D5C18A22 /* Subscription */,
				5129FB3C220A7376B2A457D6 /* Tasks */,
				765334332F1E4FA74A42249E /* Visits */,
				BF2B35E9888BF8CC21CFFC67 /* Workspace */,
			);
			path = Views;
			sourceTree = "<group>";
		};
		D7BF912698A62D34C9C42A9F /* Theme */ = {
			isa = PBXGroup;
			children = (
				AE0C6D4F6B7BC50F2DF9EDD2 /* PalmCareTheme.swift */,
			);
			path = Theme;
			sourceTree = "<group>";
		};
		E20576D36A61EAC10E7B5518 /* Calendar */ = {
			isa = PBXGroup;
			children = (
				D877C9B39FFC83C67359CB1B /* CalendarView.swift */,
			);
			path = Calendar;
			sourceTree = "<group>";
		};
		E2F4AC760CB3F4A97E0A5375 /* Services */ = {
			isa = PBXGroup;
			children = (
				4DC7E34D4B0393336B0CBB48 /* APIService.swift */,
				25F5164BD23844FFA3DDA1DA /* AudioRecorderService.swift */,
				B975E56167E2BC1850E208CD /* LiveTranscriptionService.swift */,
			);
			path = Services;
			sourceTree = "<group>";
		};
		F0B317C9FCFBA5D036E59E8D /* PalmCareAI */ = {
			isa = PBXGroup;
			children = (
				D4FFE119E970F306B1F7A575 /* Assets.xcassets */,
				B7134EA3FF1A06C5E549D8A6 /* Info.plist */,
				A87989128BE2784A9ACA1797 /* PalmCareAIApp.swift */,
				1A73B0B1771A855E8EC6CD20 /* Models */,
				E2F4AC760CB3F4A97E0A5375 /* Services */,
				D7BF912698A62D34C9C42A9F /* Theme */,
				CE1793DBBDAA61AB430DBDA5 /* Views */,
			);
			path = PalmCareAI;
			sourceTree = "<group>";
		};
/* End PBXGroup section */

/* Begin PBXNativeTarget section */
		BCAD9AD0459AF38B45212A83 /* PalmCareAI */ = {
			isa = PBXNativeTarget;
			buildConfigurationList = A79D0DF06890807AD543D4CB /* Build configuration list for PBXNativeTarget "PalmCareAI" */;
			buildPhases = (
				CAE438DCF8F32C0B50FA2FF0 /* Sources */,
				98BAA7D30467075526ACE536 /* Resources */,
			);
			buildRules = (
			);
			dependencies = (
			);
			name = PalmCareAI;
			packageProductDependencies = (
			);
			productName = PalmCareAI;
			productReference = E8E9F160EB8FA04B4131FCB4 /* PalmCareAI.app */;
			productType = "com.apple.product-type.application";
		};
/* End PBXNativeTarget section */

/* Begin PBXProject section */
		C67865E4E3807A66496AD76C /* Project object */ = {
			isa = PBXProject;
			attributes = {
				BuildIndependentTargetsInParallel = YES;
				LastUpgradeCheck = 1500;
				TargetAttributes = {
					BCAD9AD0459AF38B45212A83 = {
						DevelopmentTeam = QFS97GTYJH;
						ProvisioningStyle = Automatic;
					};
				};
			};
			buildConfigurationList = F64DCA665FE0E7A74897BECC /* Build configuration list for PBXProject "PalmCareAI" */;
			compatibilityVersion = "Xcode 14.0";
			developmentRegion = en;
			hasScannedForEncodings = 0;
			knownRegions = (
				Base,
				en,
			);
			mainGroup = 525788A2F8B929515D57D8F5;
			minimizedProjectReferenceProxies = 1;
			preferredProjectObjectVersion = 77;
			projectDirPath = "";
			projectRoot = "";
			targets = (
				BCAD9AD0459AF38B45212A83 /* PalmCareAI */,
			);
		};
/* End PBXProject section */

/* Begin PBXResourcesBuildPhase section */
		98BAA7D30467075526ACE536 /* Resources */ = {
			isa = PBXResourcesBuildPhase;
			buildActionMask = 2147483647;
			files = (
				FBF988D7FAE8979B88BE0767 /* Assets.xcassets in Resources */,
			);
			runOnlyForDeploymentPostprocessing = 0;
		};
/* End PBXResourcesBuildPhase section */

/* Begin PBXSourcesBuildPhase section */
		CAE438DCF8F32C0B50FA2FF0 /* Sources */ = {
			isa = PBXSourcesBuildPhase;
			buildActionMask = 2147483647;
			files = (
				66B8766816DFAE60BD26C157 /* APIService.swift in Sources */,
				4BC6C1F6558E9FF34676385D /* AddClientSheet.swift in Sources */,
				CB8BFB4C0847725F56BE3B88 /* AssessmentsListView.swift in Sources */,
				7955D7C2A2D22D6AEF1DF236 /* AudioRecorderService.swift in Sources */,
				44C9C6DEF0241F271535EE25 /* CalendarView.swift in Sources */,
				F23E5D61BCFB2A1E18F6762C /* ClientDetailView.swift in Sources */,
				A00F019F5C3997BF6F3B5A0E /* ClientsView.swift in Sources */,
				8F8596F06F1792DE50BFF41B /* ContractsView.swift in Sources */,
				2801AB657853429D4D52D3C9 /* GoogleCalendarSetupSheet.swift in Sources */,
				441ED8E4CA766509026656D4 /* HomeView.swift in Sources */,
				3EDAF7BABB7B6AB2C701C036 /* LandingView.swift in Sources */,
				F550B4192FBBEA3CA2B46F53 /* LiveTranscriptionService.swift in Sources */,
				C37109ADE391ED8B9F1A9A57 /* LoginView.swift in Sources */,
				C14C3133F283022BF06C01B1 /* MainTabView.swift in Sources */,
				1E6982F07CAC5C3021B4BFB3 /* Models.swift in Sources */,
				08A1F6ECC58F3235CABEEC32 /* PalmAlert.swift in Sources */,
				6699DA1B3C377734838CD895 /* PalmCareAIApp.swift in Sources */,
				5EA469E56F749FDCF74408EF /* PalmCareTheme.swift in Sources */,
				EA25CA835C18FE8FF8AE9202 /* RecordView.swift in Sources */,
				9BEC3A7D5BC102355BA4D5AE /* RegisterView.swift in Sources */,
				0B4988B6FD2460A6DC433938 /* SettingsView.swift in Sources */,
				CD7152A77012E28F6414934B /* SubscriptionView.swift in Sources */,
				1DB6F966D0BAF1CEED96D570 /* TasksView.swift in Sources */,
				FD78D19E5B4FDC5980317EDA /* TemplatesView.swift in Sources */,
				7C445A47FD792A18761F4145 /* VisitDetailView.swift in Sources */,
				985BF5A55F478AD20D82C0CC /* WorkspaceView.swift in Sources */,
			);
			runOnlyForDeploymentPostprocessing = 0;
		};
/* End PBXSourcesBuildPhase section */

/* Begin XCBuildConfiguration section */
		1F178A37CD8F03150DFA7C34 /* Debug */ = {
			isa = XCBuildConfiguration;
			buildSettings = {
				ALWAYS_SEARCH_USER_PATHS = NO;
				CLANG_ANALYZER_NONNULL = YES;
				CLANG_ANALYZER_NUMBER_OBJECT_CONVERSION = YES_AGGRESSIVE;
				CLANG_CXX_LANGUAGE_STANDARD = "gnu++14";
				CLANG_CXX_LIBRARY = "libc++";
				CLANG_ENABLE_MODULES = YES;
				CLANG_ENABLE_OBJC_ARC = YES;
				CLANG_ENABLE_OBJC_WEAK = YES;
				CLANG_WARN_BLOCK_CAPTURE_AUTORELEASING = YES;
				CLANG_WARN_BOOL_CONVERSION = YES;
				CLANG_WARN_COMMA = YES;
				CLANG_WARN_CONSTANT_CONVERSION = YES;
				CLANG_WARN_DEPRECATED_OBJC_IMPLEMENTATIONS = YES;
				CLANG_WARN_DIRECT_OBJC_ISA_USAGE = YES_ERROR;
				CLANG_WARN_DOCUMENTATION_COMMENTS = YES;
				CLANG_WARN_EMPTY_BODY = YES;
				CLANG_WARN_ENUM_CONVERSION = YES;
				CLANG_WARN_INFINITE_RECURSION = YES;
				CLANG_WARN_INT_CONVERSION = YES;
				CLANG_WARN_NON_LITERAL_NULL_CONVERSION = YES;
				CLANG_WARN_OBJC_IMPLICIT_RETAIN_SELF = YES;
				CLANG_WARN_OBJC_LITERAL_CONVERSION = YES;
				CLANG_WARN_OBJC_ROOT_CLASS = YES_ERROR;
				CLANG_WARN_QUOTED_INCLUDE_IN_FRAMEWORK_HEADER = YES;
				CLANG_WARN_RANGE_LOOP_ANALYSIS = YES;
				CLANG_WARN_STRICT_PROTOTYPES = YES;
				CLANG_WARN_SUSPICIOUS_MOVE = YES;
				CLANG_WARN_UNGUARDED_AVAILABILITY = YES_AGGRESSIVE;
				CLANG_WARN_UNREACHABLE_CODE = YES;
				CLANG_WARN__DUPLICATE_METHOD_MATCH = YES;
				COPY_PHASE_STRIP = NO;
				CURRENT_PROJECT_VERSION = 1;
				DEBUG_INFORMATION_FORMAT = dwarf;
				ENABLE_STRICT_OBJC_MSGSEND = YES;
				ENABLE_TESTABILITY = YES;
				GCC_C_LANGUAGE_STANDARD = gnu11;
				GCC_DYNAMIC_NO_PIC = NO;
				GCC_NO_COMMON_BLOCKS = YES;
				GCC_OPTIMIZATION_LEVEL = 0;
				GCC_PREPROCESSOR_DEFINITIONS = (
					"$(inherited)",
					"DEBUG=1",
				);
				GCC_WARN_64_TO_32_BIT_CONVERSION = YES;
				GCC_WARN_ABOUT_RETURN_TYPE = YES_ERROR;
				GCC_WARN_UNDECLARED_SELECTOR = YES;
				GCC_WARN_UNINITIALIZED_AUTOS = YES_AGGRESSIVE;
				GCC_WARN_UNUSED_FUNCTION = YES;
				GCC_WARN_UNUSED_VARIABLE = YES;
				IPHONEOS_DEPLOYMENT_TARGET = 16.0;
				MARKETING_VERSION = 1.0.0;
				MTL_ENABLE_DEBUG_INFO = INCLUDE_SOURCE;
				MTL_FAST_MATH = YES;
				ONLY_ACTIVE_ARCH = YES;
				PRODUCT_NAME = "$(TARGET_NAME)";
				SDKROOT = iphoneos;
				SWIFT_ACTIVE_COMPILATION_CONDITIONS = DEBUG;
				SWIFT_OPTIMIZATION_LEVEL = "-Onone";
				SWIFT_VERSION = 5.9;
			};
			name = Debug;
		};
		5256F0EB5FB7F6247D528E6D /* Release */ = {
			isa = XCBuildConfiguration;
			buildSettings = {
				ASSETCATALOG_COMPILER_APPICON_NAME = AppIcon;
				CODE_SIGN_IDENTITY = "iPhone Developer";
				CODE_SIGN_STYLE = Automatic;
				DEVELOPMENT_TEAM = QFS97GTYJH;
				INFOPLIST_FILE = PalmCareAI/Info.plist;
				LD_RUNPATH_SEARCH_PATHS = (
					"$(inherited)",
					"@executable_path/Frameworks",
				);
				PRODUCT_BUNDLE_IDENTIFIER = com.palmtechnologies.palmcare;
				SDKROOT = iphoneos;
				TARGETED_DEVICE_FAMILY = "1,2";
			};
			name = Release;
		};
		C69353AD533C51F0AFE4C284 /* Release */ = {
			isa = XCBuildConfiguration;
			buildSettings = {
				ALWAYS_SEARCH_USER_PATHS = NO;
				CLANG_ANALYZER_NONNULL = YES;
				CLANG_ANALYZER_NUMBER_OBJECT_CONVERSION = YES_AGGRESSIVE;
				CLANG_CXX_LANGUAGE_STANDARD = "gnu++14";
				CLANG_CXX_LIBRARY = "libc++";
				CLANG_ENABLE_MODULES = YES;
				CLANG_ENABLE_OBJC_ARC = YES;
				CLANG_ENABLE_OBJC_WEAK = YES;
				CLANG_WARN_BLOCK_CAPTURE_AUTORELEASING = YES;
				CLANG_WARN_BOOL_CONVERSION = YES;
				CLANG_WARN_COMMA = YES;
				CLANG_WARN_CONSTANT_CONVERSION = YES;
				CLANG_WARN_DEPRECATED_OBJC_IMPLEMENTATIONS = YES;
				CLANG_WARN_DIRECT_OBJC_ISA_USAGE = YES_ERROR;
				CLANG_WARN_DOCUMENTATION_COMMENTS = YES;
				CLANG_WARN_EMPTY_BODY = YES;
				CLANG_WARN_ENUM_CONVERSION = YES;
				CLANG_WARN_INFINITE_RECURSION = YES;
				CLANG_WARN_INT_CONVERSION = YES;
				CLANG_WARN_NON_LITERAL_NULL_CONVERSION = YES;
				CLANG_WARN_OBJC_IMPLICIT_RETAIN_SELF = YES;
				CLANG_WARN_OBJC_LITERAL_CONVERSION = YES;
				CLANG_WARN_OBJC_ROOT_CLASS = YES_ERROR;
				CLANG_WARN_QUOTED_INCLUDE_IN_FRAMEWORK_HEADER = YES;
				CLANG_WARN_RANGE_LOOP_ANALYSIS = YES;
				CLANG_WARN_STRICT_PROTOTYPES = YES;
				CLANG_WARN_SUSPICIOUS_MOVE = YES;
				CLANG_WARN_UNGUARDED_AVAILABILITY = YES_AGGRESSIVE;
				CLANG_WARN_UNREACHABLE_CODE = YES;
				CLANG_WARN__DUPLICATE_METHOD_MATCH = YES;
				COPY_PHASE_STRIP = NO;
				CURRENT_PROJECT_VERSION = 1;
				DEBUG_INFORMATION_FORMAT = "dwarf-with-dsym";
				ENABLE_NS_ASSERTIONS = NO;
				ENABLE_STRICT_OBJC_MSGSEND = YES;
				GCC_C_LANGUAGE_STANDARD = gnu11;
				GCC_NO_COMMON_BLOCKS = YES;
				GCC_WARN_64_TO_32_BIT_CONVERSION = YES;
				GCC_WARN_ABOUT_RETURN_TYPE = YES_ERROR;
				GCC_WARN_UNDECLARED_SELECTOR = YES;
				GCC_WARN_UNINITIALIZED_AUTOS = YES_AGGRESSIVE;
				GCC_WARN_UNUSED_FUNCTION = YES;
				GCC_WARN_UNUSED_VARIABLE = YES;
				IPHONEOS_DEPLOYMENT_TARGET = 16.0;
				MARKETING_VERSION = 1.0.0;
				MTL_ENABLE_DEBUG_INFO = NO;
				MTL_FAST_MATH = YES;
				PRODUCT_NAME = "$(TARGET_NAME)";
				SDKROOT = iphoneos;
				SWIFT_COMPILATION_MODE = wholemodule;
				SWIFT_OPTIMIZATION_LEVEL = "-O";
				SWIFT_VERSION = 5.9;
			};
			name = Release;
		};
		CDCF50CD9A68A8CE6B91F061 /* Debug */ = {
			isa = XCBuildConfiguration;
			buildSettings = {
				ASSETCATALOG_COMPILER_APPICON_NAME = AppIcon;
				CODE_SIGN_IDENTITY = "iPhone Developer";
				CODE_SIGN_STYLE = Automatic;
				DEVELOPMENT_TEAM = QFS97GTYJH;
				INFOPLIST_FILE = PalmCareAI/Info.plist;
				LD_RUNPATH_SEARCH_PATHS = (
					"$(inherited)",
					"@executable_path/Frameworks",
				);
				PRODUCT_BUNDLE_IDENTIFIER = com.palmtechnologies.palmcare;
				SDKROOT = iphoneos;
				TARGETED_DEVICE_FAMILY = "1,2";
			};
			name = Debug;
		};
/* End XCBuildConfiguration section */

/* Begin XCConfigurationList section */
		A79D0DF06890807AD543D4CB /* Build configuration list for PBXNativeTarget "PalmCareAI" */ = {
			isa = XCConfigurationList;
			buildConfigurations = (
				CDCF50CD9A68A8CE6B91F061 /* Debug */,
				5256F0EB5FB7F6247D528E6D /* Release */,
			);
			defaultConfigurationIsVisible = 0;
			defaultConfigurationName = Debug;
		};
		F64DCA665FE0E7A74897BECC /* Build configuration list for PBXProject "PalmCareAI" */ = {
			isa = XCConfigurationList;
			buildConfigurations = (
				1F178A37CD8F03150DFA7C34 /* Debug */,
				C69353AD533C51F0AFE4C284 /* Release */,
			);
			defaultConfigurationIsVisible = 0;
			defaultConfigurationName = Debug;
		};
/* End XCConfigurationList section */
	};
	rootObject = C67865E4E3807A66496AD76C /* Project object */;
}
